
Microsoft Visual Studio Solution File, Format Version 12.00
# Visual Studio Version 16
VisualStudioVersion = 16.0.30114.105
MinimumVisualStudioVersion = 10.0.40219.1
Project("{FAE04EC0-301F-11D3-BF4B-00C04F79EFBC}") = "unitTests", "unitTests\unitTests.csproj", "{DF3BF7FC-256A-41B8-86DA-102E7E51C0BA}"
EndProject
Project("{FAE04EC0-301F-11D3-BF4B-00C04F79EFBC}") = "models", "models\models.csproj", "{95C6A307-D847-4AA1-8E8A-AC9EB1D3A2B6}"
EndProject
Global
	GlobalSection(SolutionConfigurationPlatforms) = preSolution
		Debug|Any CPU = Debug|Any CPU
		Release|Any CPU = Release|Any CPU
	EndGlobalSection
	GlobalSection(SolutionProperties) = preSolution
		HideSolutionNode = FALSE
	EndGlobalSection
	GlobalSection(ProjectConfigurationPlatforms) = postSolution
		{DF3BF7FC-256A-41B8-86DA-102E7E51C0BA}.Debug|Any CPU.ActiveCfg = Debug|Any CPU
		{DF3BF7FC-256A-41B8-86DA-102E7E51C0BA}.Debug|Any CPU.Build.0 = Debug|Any CPU
		{DF3BF7FC-256A-41B8-86DA-102E7E51C0BA}.Release|Any CPU.ActiveCfg = Release|Any CPU
		{DF3BF7FC-256A-41B8-86DA-102E7E51C0BA}.Release|Any CPU.Build.0 = Release|Any CPU
		{95C6A307-D847-4AA1-8E8A-AC9EB1D3A2B6}.Debug|Any CPU.ActiveCfg = Debug|Any CPU
		{95C6A307-D847-4AA1-8E8A-AC9EB1D3A2B6}.Debug|Any CPU.Build.0 = Debug|Any CPU
		{95C6A307-D847-4AA1-8E8A-AC9EB1D3A2B6}.Release|Any CPU.ActiveCfg = Release|Any CPU
		{95C6A307-D847-4AA1-8E8A-AC9EB1D3A2B6}.Release|Any CPU.Build.0 = Release|Any CPU
	EndGlobalSection
EndGlobal
